{
  "version": 4,
  "terraform_version": "1.14.5",
  "serial": 48,
  "lineage": "540e140b-062e-ccd3-71c0-7ddba0ce05a9",
  "outputs": {},
  "resources": [
    {
      "module": "module.gke",
      "mode": "managed",
      "type": "google_container_cluster",
      "name": "gke",
      "provider": "provider[\"registry.terraform.io/hashicorp/google\"]",
      "instances": [
        {
          "schema_version": 2,
          "attributes": {
            "addons_config": [
              {
                "cloudrun_config": [],
                "config_connector_config": [],
                "dns_cache_config": [
                  {
                    "enabled": true
                  }
                ],
                "gce_persistent_disk_csi_driver_config": [
                  {
                    "enabled": true
                  }
                ],
                "gcp_filestore_csi_driver_config": [],
                "gcs_fuse_csi_driver_config": [],
                "gke_backup_agent_config": [],
                "horizontal_pod_autoscaling": [],
                "http_load_balancing": [],
                "network_policy_config": [
                  {
                    "disabled": true
                  }
                ],
                "ray_operator_config": [],
                "stateful_ha_config": []
              }
            ],
            "allow_net_admin": null,
            "authenticator_groups_config": [],
            "binary_authorization": [
              {
                "enabled": false,
                "evaluation_mode": ""
              }
            ],
            "cluster_autoscaling": [
              {
                "auto_provisioning_defaults": [],
                "auto_provisioning_locations": [],
                "autoscaling_profile": "BALANCED",
                "enabled": false,
                "resource_limits": []
              }
            ],
            "cluster_ipv4_cidr": "10.44.0.0/14",
            "confidential_nodes": [],
            "cost_management_config": [],
            "database_encryption": [
              {
                "key_name": "",
                "state": "DECRYPTED"
              }
            ],
            "datapath_provider": "",
            "default_max_pods_per_node": 110,
            "default_snat_status": [
              {
                "disabled": false
              }
            ],
            "deletion_protection": false,
            "description": "",
            "dns_config": [],
            "enable_autopilot": false,
            "enable_cilium_clusterwide_network_policy": false,
            "enable_intranode_visibility": false,
            "enable_k8s_beta_apis": [],
            "enable_kubernetes_alpha": false,
            "enable_l4_ilb_subsetting": false,
            "enable_legacy_abac": false,
            "enable_multi_networking": false,
            "enable_shielded_nodes": true,
            "enable_tpu": false,
            "endpoint": "34.55.7.10",
            "fleet": [],
            "gateway_api_config": [],
            "id": "projects/project-6139b6ec-977f-4975-82a/locations/us-central1-a/clusters/otel-dev",
            "identity_service_config": [],
            "initial_node_count": 2,
            "ip_allocation_policy": [
              {
                "additional_pod_ranges_config": [],
                "cluster_ipv4_cidr_block": "10.44.0.0/14",
                "cluster_secondary_range_name": "gke-otel-dev-pods-7a693628",
                "pod_cidr_overprovision_config": [
                  {
                    "disabled": false
                  }
                ],
                "services_ipv4_cidr_block": "34.118.224.0/20",
                "services_secondary_range_name": "",
                "stack_type": "IPV4"
              }
            ],
            "label_fingerprint": "a9dc16a7",
            "location": "us-central1-a",
            "logging_config": [
              {
                "enable_components": [
                  "SYSTEM_COMPONENTS",
                  "WORKLOADS"
                ]
              }
            ],
            "logging_service": "logging.googleapis.com/kubernetes",
            "maintenance_policy": [],
            "master_auth": [
              {
                "client_certificate": "",
                "client_certificate_config": [
                  {
                    "issue_client_certificate": false
                  }
                ],
                "client_key": "",
                "cluster_ca_certificate": "LS0tLS1CRUdJTiBDRVJUSUZJQ0FURS0tLS0tCk1JSUVMVENDQXBXZ0F3SUJBZ0lSQU9SK3RaUzZ3dVFrOU1uMWlXVkYvQ2N3RFFZSktvWklodmNOQVFFTEJRQXcKTHpFdE1Dc0dBMVVFQXhNa016Y3hZamd3TVRRdE9Ea3hNeTAwTWpRekxUazJOak10Wm1JME9HRTBOekEzT1RWaApNQ0FYRFRJMk1ESXdPVEV3TURjd09Wb1lEekl3TlRZd01qQXlNVEV3TnpBNVdqQXZNUzB3S3dZRFZRUURFeVF6Ck56RmlPREF4TkMwNE9URXpMVFF5TkRNdE9UWTJNeTFtWWpRNFlUUTNNRGM1TldFd2dnR2lNQTBHQ1NxR1NJYjMKRFFFQkFRVUFBNElCandBd2dnR0tBb0lCZ1FDa2xZa2sxYUtwRmRlZ2dxMWlGWUtCRm5SQlp3Q2dscnlLb1UyWgpzS0pNU3Mvblh3RURSUmMvVzdBU2M4dDN3NXo4MFUyL3R5N29kNklxQk1qaUUxc28wNE0yMk12SU5QNSt6VDdnCi9ZZENzblJHTzhnNVpZa1YrUlowM0xpcXFpbjhlZlNyQ2NRRXA2VGVXZDlqUVNyQXM0SHpQWXdLQU5aTUxHRnIKMWd5TkU0NW1oOVZXQzNDSXBTYWI1Sy90b0E0a1VoNVVuZG1HK0Q1bHZnYVllRjI5SUdJTXgzc014MWRTM2pnWQp4bjJiTytsSjZ3eEw1UjJFWk1QRVBjSVN3WTZOSS85WmxOYjVsc1dBdGc4aGJCMHo3SHd6TGNRRTdKcHBwVDVvCjh0RWpyNFhTcWJranV0WGNCY2ZFRWZTa2tJVmhiQzZHem41bFJzQ29TanpIVWxuUlBrV0YrYUhRVWVOT1l6azAKTDhzd1poMm9Ua3Bjc3pIYUtJb3VzU2VYSGkvUkJZeEFWdmdTN1R1aEhLQ1cwVkRmU3FWeWFZeCt0akJ6MFRkKwpoWmlhUjZnYzlHVWZueXlTL3QwRFIyVXk4NFdJMjdtVTdmcURwbG4raHFHcFFLalgwNmgyVGtGVjJ6ZlJhODdaCm5WZkhzTXZSWlZwUWlJOGlpRnN4d29IYmIzc0NBd0VBQWFOQ01FQXdEZ1lEVlIwUEFRSC9CQVFEQWdJRU1BOEcKQTFVZEV3RUIvd1FGTUFNQkFmOHdIUVlEVlIwT0JCWUVGUGdGT0poTDhYN1FBMDdxQ2NvUFVPZVFtMkhNTUEwRwpDU3FHU0liM0RRRUJDd1VBQTRJQmdRQU1scG5Kbk1nSU1iY0FyNjJMYkN6NTZSMmRleSt3UVJ5cnZnZkx2eSsxCnphbkdoMVV0WVh3ajM4UnBaM3YzeXdnMmVTdGR0YTdPVk4rUGJWOTg4aVJKTk0xNFpaaXZKV25CSUFmQzFxdlIKa0o5SkxGRUVyTUxCQmhmVE9yNVA1THpRMGZBZkRNanNpR2V1N2NMUGIwazBkdEJ1dGhSRzh5Y0t6ODJCbkhOaQpRenRZUUZ6RzJTaGpXb2ZtS2VDNXF3N2U3QVIvVkZFVjdEbnovcXpsem5BNGJ4YXRkeEhpZVBRRVdKRE5vUjJQCjlRa3VxU1ZVSHdMOUdNYVd6dEJUbVczKzJ2T0o3UWhuajZHSDZIWTBVdnFQbURiTGVjdWkvY3ltNDZoclFkTzQKZnpjcVc2SG52K0kzeFQ0Qyt2M3FUbXh6czk4Y0JVZFMzTU1yckQ4Sy9SVmV2NjFlZDBpdDhXVDdyS2VjVVNHKwpvclJLejU1NDBnTDZ6VlBuK1dHVEVIbG1jMldhYWc3RzMwT2JyQkhldklWZFF3OThabnVaUElzaDV4NjJxTjdaClVjV0JwdWIrN0xIMWxRU3piNXQzcE1HQ3R2SXVDNVhSQklLU1l3K05PVEN3U3ZUSlFZOVV4QjE1bjVHOEFKdzkKLy9wM0lsUm1QdEdiazQwTHRIUDJmSFE9Ci0tLS0tRU5EIENFUlRJRklDQVRFLS0tLS0K"
              }
            ],
            "master_authorized_networks_config": [],
            "master_version": "1.34.3-gke.1051003",
            "mesh_certificates": [],
            "min_master_version": null,
            "monitoring_config": [
              {
                "advanced_datapath_observability_config": [
                  {
                    "enable_metrics": false,
                    "enable_relay": false,
                    "relay_mode": "DISABLED"
                  }
                ],
                "enable_components": [
                  "SYSTEM_COMPONENTS",
                  "JOBSET",
                  "STORAGE",
                  "HPA",
                  "POD",
                  "DAEMONSET",
                  "DEPLOYMENT",
                  "STATEFULSET",
                  "CADVISOR",
                  "KUBELET",
                  "DCGM"
                ],
                "managed_prometheus": [
                  {
                    "enabled": true
                  }
                ]
              }
            ],
            "monitoring_service": "monitoring.googleapis.com/kubernetes",
            "name": "otel-dev",
            "network": "projects/project-6139b6ec-977f-4975-82a/global/networks/default",
            "network_policy": [
              {
                "enabled": false,
                "provider": "PROVIDER_UNSPECIFIED"
              }
            ],
            "networking_mode": "VPC_NATIVE",
            "node_config": [],
            "node_locations": [],
            "node_pool": [],
            "node_pool_auto_config": [
              {
                "network_tags": [],
                "node_kubelet_config": [
                  {
                    "insecure_kubelet_readonly_port_enabled": "FALSE"
                  }
                ],
                "resource_manager_tags": {}
              }
            ],
            "node_pool_defaults": [
              {
                "node_config_defaults": [
                  {
                    "containerd_config": [],
                    "insecure_kubelet_readonly_port_enabled": "FALSE",
                    "logging_variant": "DEFAULT"
                  }
                ]
              }
            ],
            "node_version": "1.34.3-gke.1051003",
            "notification_config": [
              {
                "pubsub": [
                  {
                    "enabled": false,
                    "filter": [],
                    "topic": ""
                  }
                ]
              }
            ],
            "operation": null,
            "private_cluster_config": [
              {
                "enable_private_endpoint": false,
                "enable_private_nodes": false,
                "master_global_access_config": [
                  {
                    "enabled": false
                  }
                ],
                "master_ipv4_cidr_block": "",
                "peering_name": "",
                "private_endpoint": "10.128.0.46",
                "private_endpoint_subnetwork": "",
                "public_endpoint": "34.55.7.10"
              }
            ],
            "private_ipv6_google_access": "",
            "project": "project-6139b6ec-977f-4975-82a",
            "release_channel": [
              {
                "channel": "REGULAR"
              }
            ],
            "remove_default_node_pool": true,
            "resource_labels": null,
            "resource_usage_export_config": [],
            "security_posture_config": [
              {
                "mode": "BASIC",
                "vulnerability_mode": "VULNERABILITY_MODE_UNSPECIFIED"
              }
            ],
            "self_link": "https://container.googleapis.com/v1/projects/project-6139b6ec-977f-4975-82a/zones/us-central1-a/clusters/otel-dev",
            "service_external_ips_config": [
              {
                "enabled": false
              }
            ],
            "services_ipv4_cidr": "34.118.224.0/20",
            "subnetwork": "projects/project-6139b6ec-977f-4975-82a/regions/us-central1/subnetworks/default",
            "timeouts": null,
            "tpu_ipv4_cidr_block": "",
            "vertical_pod_autoscaling": [],
            "workload_identity_config": []
          },
          "sensitive_attributes": [],
          "identity_schema_version": 0,
          "private": "eyJlMmJmYjczMC1lY2FhLTExZTYtOGY4OC0zNDM2M2JjN2M0YzAiOnsiY3JlYXRlIjoyNDAwMDAwMDAwMDAwLCJkZWxldGUiOjI0MDAwMDAwMDAwMDAsInJlYWQiOjI0MDAwMDAwMDAwMDAsInVwZGF0ZSI6MzYwMDAwMDAwMDAwMH0sInNjaGVtYV92ZXJzaW9uIjoiMiJ9"
        }
      ]
    },
    {
      "module": "module.gke",
      "mode": "managed",
      "type": "google_container_node_pool",
      "name": "nodes",
      "provider": "provider[\"registry.terraform.io/hashicorp/google\"]",
      "instances": [
        {
          "schema_version": 1,
          "attributes": {
            "autoscaling": [],
            "cluster": "otel-dev",
            "id": "projects/project-6139b6ec-977f-4975-82a/locations/us-central1-a/clusters/otel-dev/nodePools/primary",
            "initial_node_count": 2,
            "instance_group_urls": [
              "https://www.googleapis.com/compute/v1/projects/project-6139b6ec-977f-4975-82a/zones/us-central1-a/instanceGroupManagers/gke-otel-dev-primary-a089368f-grp"
            ],
            "location": "us-central1-a",
            "managed_instance_group_urls": [
              "https://www.googleapis.com/compute/v1/projects/project-6139b6ec-977f-4975-82a/zones/us-central1-a/instanceGroups/gke-otel-dev-primary-a089368f-grp"
            ],
            "management": [
              {
                "auto_repair": true,
                "auto_upgrade": true
              }
            ],
            "max_pods_per_node": 110,
            "name": "primary",
            "name_prefix": "",
            "network_config": [
              {
                "additional_node_network_configs": [],
                "additional_pod_network_configs": [],
                "create_pod_range": false,
                "enable_private_nodes": false,
                "network_performance_config": [],
                "pod_cidr_overprovision_config": [],
                "pod_ipv4_cidr_block": "10.44.0.0/14",
                "pod_range": "gke-otel-dev-pods-7a693628"
              }
            ],
            "node_config": [
              {
                "advanced_machine_features": [],
                "boot_disk_kms_key": "",
                "confidential_nodes": [],
                "containerd_config": [],
                "disk_size_gb": 15,
                "disk_type": "pd-standard",
                "effective_taints": [],
                "enable_confidential_storage": false,
                "ephemeral_storage_local_ssd_config": [],
                "fast_socket": [],
                "gcfs_config": [],
                "guest_accelerator": [],
                "gvnic": [],
                "host_maintenance_policy": [],
                "image_type": "COS_CONTAINERD",
                "kubelet_config": [
                  {
                    "cpu_cfs_quota": false,
                    "cpu_cfs_quota_period": "",
                    "cpu_manager_policy": "",
                    "insecure_kubelet_readonly_port_enabled": "FALSE",
                    "pod_pids_limit": 0
                  }
                ],
                "labels": {},
                "linux_node_config": [],
                "local_nvme_ssd_block_config": [],
                "local_ssd_count": 0,
                "logging_variant": "DEFAULT",
                "machine_type": "n2-standard-2",
                "metadata": {
                  "disable-legacy-endpoints": "true"
                },
                "min_cpu_platform": "",
                "node_group": "",
                "oauth_scopes": [
                  "https://www.googleapis.com/auth/cloud-platform"
                ],
                "preemptible": false,
                "reservation_affinity": [],
                "resource_labels": {
                  "goog-gke-node-pool-provisioning-model": "on-demand"
                },
                "resource_manager_tags": null,
                "secondary_boot_disks": [],
                "service_account": "default",
                "shielded_instance_config": [
                  {
                    "enable_integrity_monitoring": true,
                    "enable_secure_boot": false
                  }
                ],
                "sole_tenant_config": [],
                "spot": false,
                "tags": null,
                "taint": [],
                "workload_metadata_config": []
              }
            ],
            "node_count": 2,
            "node_locations": [
              "us-central1-a"
            ],
            "operation": null,
            "placement_policy": [],
            "project": "project-6139b6ec-977f-4975-82a",
            "queued_provisioning": [],
            "timeouts": null,
            "upgrade_settings": [
              {
                "blue_green_settings": [],
                "max_surge": 1,
                "max_unavailable": 0,
                "strategy": "SURGE"
              }
            ],
            "version": "1.34.3-gke.1051003"
          },
          "sensitive_attributes": [],
          "identity_schema_version": 0,
          "private": "eyJlMmJmYjczMC1lY2FhLTExZTYtOGY4OC0zNDM2M2JjN2M0YzAiOnsiY3JlYXRlIjoxODAwMDAwMDAwMDAwLCJkZWxldGUiOjE4MDAwMDAwMDAwMDAsInVwZGF0ZSI6MTgwMDAwMDAwMDAwMH0sInNjaGVtYV92ZXJzaW9uIjoiMSJ9",
          "dependencies": [
            "module.gke.google_container_cluster.gke"
          ]
        }
      ]
    }
  ],
  "check_results": null
}
